
Microsoft Visual Studio Solution File, Format Version 12.00
# Visual Studio Version 17
VisualStudioVersion = 17.5.002.0
MinimumVisualStudioVersion = 10.0.40219.1
Project("{9A19103F-16F7-4668-BE54-9A1E7A4F7556}") = "practice-C-", "practice-C-.csproj", "{AC8315D2-F44E-4C95-8AD9-26086D814813}"
EndProject
Project("{9A19103F-16F7-4668-BE54-9A1E7A4F7556}") = "kfir", "kfir\kfir.csproj", "{CE2FC163-7D84-473A-AC84-933512E495A7}"
EndProject
Global
	GlobalSection(SolutionConfigurationPlatforms) = preSolution
		Debug|Any CPU = Debug|Any CPU
		Release|Any CPU = Release|Any CPU
	EndGlobalSection
	GlobalSection(ProjectConfigurationPlatforms) = postSolution
		{AC8315D2-F44E-4C95-8AD9-26086D814813}.Debug|Any CPU.ActiveCfg = Debug|Any CPU
		{AC8315D2-F44E-4C95-8AD9-26086D814813}.Debug|Any CPU.Build.0 = Debug|Any CPU
		{AC8315D2-F44E-4C95-8AD9-26086D814813}.Release|Any CPU.ActiveCfg = Release|Any CPU
		{AC8315D2-F44E-4C95-8AD9-26086D814813}.Release|Any CPU.Build.0 = Release|Any CPU
		{CE2FC163-7D84-473A-AC84-933512E495A7}.Debug|Any CPU.ActiveCfg = Debug|Any CPU
		{CE2FC163-7D84-473A-AC84-933512E495A7}.Debug|Any CPU.Build.0 = Debug|Any CPU
		{CE2FC163-7D84-473A-AC84-933512E495A7}.Release|Any CPU.ActiveCfg = Release|Any CPU
		{CE2FC163-7D84-473A-AC84-933512E495A7}.Release|Any CPU.Build.0 = Release|Any CPU
	EndGlobalSection
	GlobalSection(SolutionProperties) = preSolution
		HideSolutionNode = FALSE
	EndGlobalSection
	GlobalSection(ExtensibilityGlobals) = postSolution
		SolutionGuid = {9A0B0F62-4E23-4A2E-B19A-F406D976234F}
	EndGlobalSection
EndGlobal
